
Microsoft Visual Studio Solution File, Format Version 12.00
# Visual Studio Version 17
VisualStudioVersion = 17.9.34714.143
MinimumVisualStudioVersion = 10.0.40219.1
Project("{FAE04EC0-301F-11D3-BF4B-00C04F79EFBC}") = "Servidor", "Servidor\Servidor.csproj", "{67EDB104-92FC-4B1C-A2B1-D608EF9DAF58}"
EndProject
Global
	GlobalSection(SolutionConfigurationPlatforms) = preSolution
		Debug|Any CPU = Debug|Any CPU
		Release|Any CPU = Release|Any CPU
	EndGlobalSection
	GlobalSection(ProjectConfigurationPlatforms) = postSolution
		{67EDB104-92FC-4B1C-A2B1-D608EF9DAF58}.Debug|Any CPU.ActiveCfg = Debug|Any CPU
		{67EDB104-92FC-4B1C-A2B1-D608EF9DAF58}.Debug|Any CPU.Build.0 = Debug|Any CPU
		{67EDB104-92FC-4B1C-A2B1-D608EF9DAF58}.Release|Any CPU.ActiveCfg = Release|Any CPU
		{67EDB104-92FC-4B1C-A2B1-D608EF9DAF58}.Release|Any CPU.Build.0 = Release|Any CPU
	EndGlobalSection
	GlobalSection(SolutionProperties) = preSolution
		HideSolutionNode = FALSE
	EndGlobalSection
	GlobalSection(ExtensibilityGlobals) = postSolution
		SolutionGuid = {1BA95D0D-4F36-4B74-B6A0-5BEC0B7102B9}
	EndGlobalSection
EndGlobal
